
Microsoft Visual Studio Solution File, Format Version 12.00
# Visual Studio 14
VisualStudioVersion = 14.0.24720.0
MinimumVisualStudioVersion = 10.0.40219.1
Project("{FAE04EC0-301F-11D3-BF4B-00C04F79EFBC}") = "RapidoHR.WebApi", "RapidoHR.WebApi\RapidoHR.WebApi.csproj", "{811982E5-1F0A-4BF4-8371-F1149C23AC01}"
EndProject
Project("{FAE04EC0-301F-11D3-BF4B-00C04F79EFBC}") = "RapidoHR.WebApi.Repository", "RapidoHR.WebApi.Repository\RapidoHR.WebApi.Repository.csproj", "{7843A5E4-2D8F-4EBD-9AB6-8F76657E83AD}"
EndProject
Project("{FAE04EC0-301F-11D3-BF4B-00C04F79EFBC}") = "RapidoHR.WebApi.Model", "RapidoHR.WebApi.Model\RapidoHR.WebApi.Model.csproj", "{97832926-8738-4842-9D93-15FE1CD8C412}"
EndProject
Global
	GlobalSection(SolutionConfigurationPlatforms) = preSolution
		Debug|Any CPU = Debug|Any CPU
		Release|Any CPU = Release|Any CPU
	EndGlobalSection
	GlobalSection(ProjectConfigurationPlatforms) = postSolution
		{811982E5-1F0A-4BF4-8371-F1149C23AC01}.Debug|Any CPU.ActiveCfg = Debug|Any CPU
		{811982E5-1F0A-4BF4-8371-F1149C23AC01}.Debug|Any CPU.Build.0 = Debug|Any CPU
		{811982E5-1F0A-4BF4-8371-F1149C23AC01}.Release|Any CPU.ActiveCfg = Release|Any CPU
		{811982E5-1F0A-4BF4-8371-F1149C23AC01}.Release|Any CPU.Build.0 = Release|Any CPU
		{7843A5E4-2D8F-4EBD-9AB6-8F76657E83AD}.Debug|Any CPU.ActiveCfg = Debug|Any CPU
		{7843A5E4-2D8F-4EBD-9AB6-8F76657E83AD}.Debug|Any CPU.Build.0 = Debug|Any CPU
		{7843A5E4-2D8F-4EBD-9AB6-8F76657E83AD}.Release|Any CPU.ActiveCfg = Release|Any CPU
		{7843A5E4-2D8F-4EBD-9AB6-8F76657E83AD}.Release|Any CPU.Build.0 = Release|Any CPU
		{97832926-8738-4842-9D93-15FE1CD8C412}.Debug|Any CPU.ActiveCfg = Debug|Any CPU
		{97832926-8738-4842-9D93-15FE1CD8C412}.Debug|Any CPU.Build.0 = Debug|Any CPU
		{97832926-8738-4842-9D93-15FE1CD8C412}.Release|Any CPU.ActiveCfg = Release|Any CPU
		{97832926-8738-4842-9D93-15FE1CD8C412}.Release|Any CPU.Build.0 = Release|Any CPU
	EndGlobalSection
	GlobalSection(SolutionProperties) = preSolution
		HideSolutionNode = FALSE
	EndGlobalSection
EndGlobal
